// !$*UTF8*$!
{
	archiveVersion = 1;
	classes = {
	};
	objectVersion = 46;
	objects = {

/* Begin PBXBuildFile section */
		00E356F31AD99517003FC87E /* RecitationMobileClientTests.m in Sources */ = {isa = PBXBuildFile; fileRef = 00E356F21AD99517003FC87E /* RecitationMobileClientTests.m */; };
		00ED44ED0DAB41049E64B747 /* AmiriQuran.ttf in Resources */ = {isa = PBXBuildFile; fileRef = 5A8E411DC3724C229F8DD8C2 /* AmiriQuran.ttf */; };
		038CB7434D844605ADB1F3EC /* EvilIcons.ttf in Resources */ = {isa = PBXBuildFile; fileRef = 9538113FF68246DF8EAEEC03 /* EvilIcons.ttf */; };
		0397448D2838AEB2D7026437 /* libPods-RecitationMobileClient.a in Frameworks */ = {isa = PBXBuildFile; fileRef = 6822BC88A8B98B53B41696B9 /* libPods-RecitationMobileClient.a */; };
		0D00545A3A034107AC2E9480 /* Entypo.ttf in Resources */ = {isa = PBXBuildFile; fileRef = 87D385036C424A109AC49F3A /* Entypo.ttf */; };
		0EB77F6C92FF457BAF00EF08 /* Octicons.ttf in Resources */ = {isa = PBXBuildFile; fileRef = 2CCB0C3BD1E74BD29DA2684A /* Octicons.ttf */; };
		13B07FBC1A68108700A75B9A /* AppDelegate.m in Sources */ = {isa = PBXBuildFile; fileRef = 13B07FB01A68108700A75B9A /* AppDelegate.m */; };
		13B07FBD1A68108700A75B9A /* LaunchScreen.xib in Resources */ = {isa = PBXBuildFile; fileRef = 13B07FB11A68108700A75B9A /* LaunchScreen.xib */; };
		13B07FBF1A68108700A75B9A /* Images.xcassets in Resources */ = {isa = PBXBuildFile; fileRef = 13B07FB51A68108700A75B9A /* Images.xcassets */; };
		13B07FC11A68108700A75B9A /* main.m in Sources */ = {isa = PBXBuildFile; fileRef = 13B07FB71A68108700A75B9A /* main.m */; };
		1CD3D141102249E89744ED90 /* Amiri-Bold.ttf in Resources */ = {isa = PBXBuildFile; fileRef = DD352B9B09994C64BA78B29F /* Amiri-Bold.ttf */; };
		1EEFFE3F6C2942A681C60C1E /* Octicons.ttf in Resources */ = {isa = PBXBuildFile; fileRef = EBA4C0568CB9484D89B4B0CF /* Octicons.ttf */; };
		22F2DABE1D7843A3A1CEF1A3 /* AntDesign.ttf in Resources */ = {isa = PBXBuildFile; fileRef = 5E29667A083C4E34AB6B9A82 /* AntDesign.ttf */; };
		2307D9B7974343DA814924D0 /* AntDesign.ttf in Resources */ = {isa = PBXBuildFile; fileRef = 5F32C15D355C40C7896C0D8A /* AntDesign.ttf */; };
		247F51C603B24EB99E0B334D /* Feather.ttf in Resources */ = {isa = PBXBuildFile; fileRef = 8FBCF5F3EEDD43CE93C45CFA /* Feather.ttf */; };
		24C73664B4FB45D886987BFD /* FontAwesome5_Brands.ttf in Resources */ = {isa = PBXBuildFile; fileRef = 6D02877FF52B4DAE9FE932AF /* FontAwesome5_Brands.ttf */; };
		276C75ABD7A146AD832579A7 /* Feather.ttf in Resources */ = {isa = PBXBuildFile; fileRef = 7C6A8E5B4F36453FAF0A91BC /* Feather.ttf */; };
		2D02E4BC1E0B4A80006451C7 /* AppDelegate.m in Sources */ = {isa = PBXBuildFile; fileRef = 13B07FB01A68108700A75B9A /* AppDelegate.m */; };
		2D02E4BD1E0B4A84006451C7 /* Images.xcassets in Resources */ = {isa = PBXBuildFile; fileRef = 13B07FB51A68108700A75B9A /* Images.xcassets */; };
		2D02E4BF1E0B4AB3006451C7 /* main.m in Sources */ = {isa = PBXBuildFile; fileRef = 13B07FB71A68108700A75B9A /* main.m */; };
		2DA2C03836484A6CB2367649 /* MaterialCommunityIcons.ttf in Resources */ = {isa = PBXBuildFile; fileRef = 8920172553B3470482A22106 /* MaterialCommunityIcons.ttf */; };
		2DCD954D1E0B4F2C00145EB5 /* RecitationMobileClientTests.m in Sources */ = {isa = PBXBuildFile; fileRef = 00E356F21AD99517003FC87E /* RecitationMobileClientTests.m */; };
		300FF37408DF499194CFEEF3 /* Zocial.ttf in Resources */ = {isa = PBXBuildFile; fileRef = 2E6BB6B368E14F2197BE1079 /* Zocial.ttf */; };
		32EAE113F66525090E46C7F6 /* libPods-RecitationMobileClient-tvOS.a in Frameworks */ = {isa = PBXBuildFile; fileRef = 27D9FEABCB5F30A80781E434 /* libPods-RecitationMobileClient-tvOS.a */; };
		3E50CDD4CC3F481A8C472080 /* Entypo.ttf in Resources */ = {isa = PBXBuildFile; fileRef = E6A8839D59844A48BCE9AFEE /* Entypo.ttf */; };
		4011764C2B3848B5B58434FA /* Roboto.ttf in Resources */ = {isa = PBXBuildFile; fileRef = FC294A3C6D2F45C68954AE81 /* Roboto.ttf */; };
		44E4AF2B1ADB4901B81996B3 /* SimpleLineIcons.ttf in Resources */ = {isa = PBXBuildFile; fileRef = C3E0D87EA81E4779B122B6A5 /* SimpleLineIcons.ttf */; };
		495A9DDD16BC4A1C812C5553 /* Ionicons.ttf in Resources */ = {isa = PBXBuildFile; fileRef = 40C6C128A8F144BEA3DBEEE4 /* Ionicons.ttf */; };
		5337A7B21E5B4E52BE74302D /* Foundation.ttf in Resources */ = {isa = PBXBuildFile; fileRef = 40A36109654946E6B3C75A13 /* Foundation.ttf */; };
		5487119F0F364BF998487164 /* Zocial.ttf in Resources */ = {isa = PBXBuildFile; fileRef = FC49C0CCFC094396969023B1 /* Zocial.ttf */; };
		5BCEBE309C834D30B11D16CE /* EvilIcons.ttf in Resources */ = {isa = PBXBuildFile; fileRef = DF70FD6B232741E6AA1FE357 /* EvilIcons.ttf */; };
		62E3CFD7882742BA87E7D03F /* Amiri-BoldSlanted.ttf in Resources */ = {isa = PBXBuildFile; fileRef = 149D9FA87E8C480CBA03034B /* Amiri-BoldSlanted.ttf */; };
		7082FCB0B0634DF9A28A3EB1 /* rubicon-icon-font.ttf in Resources */ = {isa = PBXBuildFile; fileRef = B8AEAB67C5114733A8A778EB /* rubicon-icon-font.ttf */; };
		71218260799D403AB2FCCBDC /* MaterialIcons.ttf in Resources */ = {isa = PBXBuildFile; fileRef = 73048B2E71534A9D8DC6B16F /* MaterialIcons.ttf */; };
		72E8C4363B824FFF8F4D387D /* Amiri-Regular.ttf in Resources */ = {isa = PBXBuildFile; fileRef = 4768BCEFFEDB48D98924492D /* Amiri-Regular.ttf */; };
		82F3D76FEAF64C0C9D6F40B3 /* FontAwesome5_Solid.ttf in Resources */ = {isa = PBXBuildFile; fileRef = BF87D135D2EA4CF6B91A9E59 /* FontAwesome5_Solid.ttf */; };
		910666B1DDDE4F0387B78031 /* FontAwesome5_Regular.ttf in Resources */ = {isa = PBXBuildFile; fileRef = FD3C736C7B3442F985BD42BD /* FontAwesome5_Regular.ttf */; };
		9B84C0610EB841039E953CCB /* Roboto_medium.ttf in Resources */ = {isa = PBXBuildFile; fileRef = E534811435B64792A87C5E32 /* Roboto_medium.ttf */; };
		9B877DF4479C4EACAFA46B7C /* FontAwesome.ttf in Resources */ = {isa = PBXBuildFile; fileRef = EFA6FF75BE1B492389BEB167 /* FontAwesome.ttf */; };
		A4207A857E8141AE877A9741 /* FontAwesome5_Brands.ttf in Resources */ = {isa = PBXBuildFile; fileRef = 3005CB4D3F69469B8B3C3E8D /* FontAwesome5_Brands.ttf */; };
		AA1BFD1F84294788BBF85F1F /* MaterialIcons.ttf in Resources */ = {isa = PBXBuildFile; fileRef = 1CB06D7EA7C24AEAB8AD53BF /* MaterialIcons.ttf */; };
		AAB7F4E0CFB44DC6B3B5A05D /* SimpleLineIcons.ttf in Resources */ = {isa = PBXBuildFile; fileRef = 92C001260DCC484EBD55C574 /* SimpleLineIcons.ttf */; };
		BE09B8260EBC589E80E96A55 /* libPods-RecitationMobileClientTests.a in Frameworks */ = {isa = PBXBuildFile; fileRef = BF0A7DD64240C63DCB3EF0D1 /* libPods-RecitationMobileClientTests.a */; };
		C4B4CB276ED3437F94D16FA1 /* Fontisto.ttf in Resources */ = {isa = PBXBuildFile; fileRef = 9DBF6BCD92014E4FAC789BCE /* Fontisto.ttf */; };
		C5AEE3261B014507B9A818B6 /* MaterialCommunityIcons.ttf in Resources */ = {isa = PBXBuildFile; fileRef = 861388AD3F4E44FEA30005ED /* MaterialCommunityIcons.ttf */; };
		C680335BB0174D1CBD4ACE7A /* FontAwesome.ttf in Resources */ = {isa = PBXBuildFile; fileRef = C90ACB614A5C4D1396722109 /* FontAwesome.ttf */; };
		D22E6BFA68CE476AA1FD10D3 /* FontAwesome5_Regular.ttf in Resources */ = {isa = PBXBuildFile; fileRef = A6150CE3B15A4FBA9530F8C7 /* FontAwesome5_Regular.ttf */; };
		DB8E68DBA43D40F494A0C0B8 /* Amiri-Slanted.ttf in Resources */ = {isa = PBXBuildFile; fileRef = 2CB5D069B0324FA0917C77EF /* Amiri-Slanted.ttf */; };
		DD2952313F114D869BB66713 /* Foundation.ttf in Resources */ = {isa = PBXBuildFile; fileRef = 9AE5F917F97D4953AA05F732 /* Foundation.ttf */; };
		E19D20997BA2CF584D3C756D /* libPods-RecitationMobileClient-tvOSTests.a in Frameworks */ = {isa = PBXBuildFile; fileRef = D1082E41667A08EF09679B42 /* libPods-RecitationMobileClient-tvOSTests.a */; };
		E2738E789E2646F0B613F45D /* FontAwesome5_Solid.ttf in Resources */ = {isa = PBXBuildFile; fileRef = 271DFEE701274E2C90FB95AA /* FontAwesome5_Solid.ttf */; };
		E4379B9E04B34CAAB200F8FD /* AmiriQuranColored.ttf in Resources */ = {isa = PBXBuildFile; fileRef = C6FD5880493B4015B865A811 /* AmiriQuranColored.ttf */; };
		E6DAA169109749D1AD1A9D75 /* Fontisto.ttf in Resources */ = {isa = PBXBuildFile; fileRef = 4A27FC8F7CA946E5BE7F3084 /* Fontisto.ttf */; };
		F2EEB68841914803ACC3481F /* Ionicons.ttf in Resources */ = {isa = PBXBuildFile; fileRef = 8EC354BACF8243FCA2E70CD9 /* Ionicons.ttf */; };
/* End PBXBuildFile section */

/* Begin PBXContainerItemProxy section */
		00E356F41AD99517003FC87E /* PBXContainerItemProxy */ = {
			isa = PBXContainerItemProxy;
			containerPortal = 83CBB9F71A601CBA00E9B192 /* Project object */;
			proxyType = 1;
			remoteGlobalIDString = 13B07F861A680F5B00A75B9A;
			remoteInfo = RecitationMobileClient;
		};
		2D02E4911E0B4A5D006451C7 /* PBXContainerItemProxy */ = {
			isa = PBXContainerItemProxy;
			containerPortal = 83CBB9F71A601CBA00E9B192 /* Project object */;
			proxyType = 1;
			remoteGlobalIDString = 2D02E47A1E0B4A5D006451C7;
			remoteInfo = "RecitationMobileClient-tvOS";
		};
/* End PBXContainerItemProxy section */

/* Begin PBXFileReference section */
		008F07F21AC5B25A0029DE68 /* main.jsbundle */ = {isa = PBXFileReference; fileEncoding = 4; lastKnownFileType = text; path = main.jsbundle; sourceTree = "<group>"; };
		00E356EE1AD99517003FC87E /* RecitationMobileClientTests.xctest */ = {isa = PBXFileReference; explicitFileType = wrapper.cfbundle; includeInIndex = 0; path = RecitationMobileClientTests.xctest; sourceTree = BUILT_PRODUCTS_DIR; };
		00E356F11AD99517003FC87E /* Info.plist */ = {isa = PBXFileReference; lastKnownFileType = text.plist.xml; path = Info.plist; sourceTree = "<group>"; };
		00E356F21AD99517003FC87E /* RecitationMobileClientTests.m */ = {isa = PBXFileReference; lastKnownFileType = sourcecode.c.objc; path = RecitationMobileClientTests.m; sourceTree = "<group>"; };
		10C14755936812C1346CFF81 /* Pods-RecitationMobileClient.debug.xcconfig */ = {isa = PBXFileReference; includeInIndex = 1; lastKnownFileType = text.xcconfig; name = "Pods-RecitationMobileClient.debug.xcconfig"; path = "Target Support Files/Pods-RecitationMobileClient/Pods-RecitationMobileClient.debug.xcconfig"; sourceTree = "<group>"; };
		13B07F961A680F5B00A75B9A /* RecitationMobileClient.app */ = {isa = PBXFileReference; explicitFileType = wrapper.application; includeInIndex = 0; path = RecitationMobileClient.app; sourceTree = BUILT_PRODUCTS_DIR; };
		13B07FAF1A68108700A75B9A /* AppDelegate.h */ = {isa = PBXFileReference; fileEncoding = 4; lastKnownFileType = sourcecode.c.h; name = AppDelegate.h; path = RecitationMobileClient/AppDelegate.h; sourceTree = "<group>"; };
		13B07FB01A68108700A75B9A /* AppDelegate.m */ = {isa = PBXFileReference; fileEncoding = 4; lastKnownFileType = sourcecode.c.objc; name = AppDelegate.m; path = RecitationMobileClient/AppDelegate.m; sourceTree = "<group>"; };
		13B07FB21A68108700A75B9A /* Base */ = {isa = PBXFileReference; lastKnownFileType = file.xib; name = Base; path = Base.lproj/LaunchScreen.xib; sourceTree = "<group>"; };
		13B07FB51A68108700A75B9A /* Images.xcassets */ = {isa = PBXFileReference; lastKnownFileType = folder.assetcatalog; name = Images.xcassets; path = RecitationMobileClient/Images.xcassets; sourceTree = "<group>"; };
		13B07FB61A68108700A75B9A /* Info.plist */ = {isa = PBXFileReference; fileEncoding = 4; lastKnownFileType = text.plist.xml; name = Info.plist; path = RecitationMobileClient/Info.plist; sourceTree = "<group>"; };
		13B07FB71A68108700A75B9A /* main.m */ = {isa = PBXFileReference; fileEncoding = 4; lastKnownFileType = sourcecode.c.objc; name = main.m; path = RecitationMobileClient/main.m; sourceTree = "<group>"; };
		149D9FA87E8C480CBA03034B /* Amiri-BoldSlanted.ttf */ = {isa = PBXFileReference; explicitFileType = undefined; fileEncoding = 9; includeInIndex = 0; lastKnownFileType = unknown; name = "Amiri-BoldSlanted.ttf"; path = "../assets/fonts/Amiri-BoldSlanted.ttf"; sourceTree = "<group>"; };
		1CB06D7EA7C24AEAB8AD53BF /* MaterialIcons.ttf */ = {isa = PBXFileReference; explicitFileType = undefined; fileEncoding = 9; includeInIndex = 0; lastKnownFileType = unknown; name = MaterialIcons.ttf; path = "../node_modules/react-native-vector-icons/Fonts/MaterialIcons.ttf"; sourceTree = "<group>"; };
		271DFEE701274E2C90FB95AA /* FontAwesome5_Solid.ttf */ = {isa = PBXFileReference; explicitFileType = undefined; fileEncoding = 9; includeInIndex = 0; lastKnownFileType = unknown; name = FontAwesome5_Solid.ttf; path = "../node_modules/native-base/Fonts/FontAwesome5_Solid.ttf"; sourceTree = "<group>"; };
		27D9FEABCB5F30A80781E434 /* libPods-RecitationMobileClient-tvOS.a */ = {isa = PBXFileReference; explicitFileType = archive.ar; includeInIndex = 0; path = "libPods-RecitationMobileClient-tvOS.a"; sourceTree = BUILT_PRODUCTS_DIR; };
		2AE18246276CC4ECF132C8F7 /* Pods-RecitationMobileClient-tvOSTests.release.xcconfig */ = {isa = PBXFileReference; includeInIndex = 1; lastKnownFileType = text.xcconfig; name = "Pods-RecitationMobileClient-tvOSTests.release.xcconfig"; path = "Target Support Files/Pods-RecitationMobileClient-tvOSTests/Pods-RecitationMobileClient-tvOSTests.release.xcconfig"; sourceTree = "<group>"; };
		2CB5D069B0324FA0917C77EF /* Amiri-Slanted.ttf */ = {isa = PBXFileReference; explicitFileType = undefined; fileEncoding = 9; includeInIndex = 0; lastKnownFileType = unknown; name = "Amiri-Slanted.ttf"; path = "../assets/fonts/Amiri-Slanted.ttf"; sourceTree = "<group>"; };
		2CCB0C3BD1E74BD29DA2684A /* Octicons.ttf */ = {isa = PBXFileReference; explicitFileType = undefined; fileEncoding = 9; includeInIndex = 0; lastKnownFileType = unknown; name = Octicons.ttf; path = "../node_modules/react-native-vector-icons/Fonts/Octicons.ttf"; sourceTree = "<group>"; };
		2D02E47B1E0B4A5D006451C7 /* RecitationMobileClient-tvOS.app */ = {isa = PBXFileReference; explicitFileType = wrapper.application; includeInIndex = 0; path = "RecitationMobileClient-tvOS.app"; sourceTree = BUILT_PRODUCTS_DIR; };
		2D02E4901E0B4A5D006451C7 /* RecitationMobileClient-tvOSTests.xctest */ = {isa = PBXFileReference; explicitFileType = wrapper.cfbundle; includeInIndex = 0; path = "RecitationMobileClient-tvOSTests.xctest"; sourceTree = BUILT_PRODUCTS_DIR; };
		2E6BB6B368E14F2197BE1079 /* Zocial.ttf */ = {isa = PBXFileReference; explicitFileType = undefined; fileEncoding = 9; includeInIndex = 0; lastKnownFileType = unknown; name = Zocial.ttf; path = "../node_modules/native-base/Fonts/Zocial.ttf"; sourceTree = "<group>"; };
		3005CB4D3F69469B8B3C3E8D /* FontAwesome5_Brands.ttf */ = {isa = PBXFileReference; explicitFileType = undefined; fileEncoding = 9; includeInIndex = 0; lastKnownFileType = unknown; name = FontAwesome5_Brands.ttf; path = "../node_modules/react-native-vector-icons/Fonts/FontAwesome5_Brands.ttf"; sourceTree = "<group>"; };
		40A36109654946E6B3C75A13 /* Foundation.ttf */ = {isa = PBXFileReference; explicitFileType = undefined; fileEncoding = 9; includeInIndex = 0; lastKnownFileType = unknown; name = Foundation.ttf; path = "../node_modules/native-base/Fonts/Foundation.ttf"; sourceTree = "<group>"; };
		40C6C128A8F144BEA3DBEEE4 /* Ionicons.ttf */ = {isa = PBXFileReference; explicitFileType = undefined; fileEncoding = 9; includeInIndex = 0; lastKnownFileType = unknown; name = Ionicons.ttf; path = "../node_modules/react-native-vector-icons/Fonts/Ionicons.ttf"; sourceTree = "<group>"; };
		4768BCEFFEDB48D98924492D /* Amiri-Regular.ttf */ = {isa = PBXFileReference; explicitFileType = undefined; fileEncoding = 9; includeInIndex = 0; lastKnownFileType = unknown; name = "Amiri-Regular.ttf"; path = "../assets/fonts/Amiri-Regular.ttf"; sourceTree = "<group>"; };
		4A27FC8F7CA946E5BE7F3084 /* Fontisto.ttf */ = {isa = PBXFileReference; explicitFileType = undefined; fileEncoding = 9; includeInIndex = 0; lastKnownFileType = unknown; name = Fontisto.ttf; path = "../node_modules/react-native-vector-icons/Fonts/Fontisto.ttf"; sourceTree = "<group>"; };
		4F63CC6E817AA63A01890AB8 /* Pods-RecitationMobileClient.release.xcconfig */ = {isa = PBXFileReference; includeInIndex = 1; lastKnownFileType = text.xcconfig; name = "Pods-RecitationMobileClient.release.xcconfig"; path = "Target Support Files/Pods-RecitationMobileClient/Pods-RecitationMobileClient.release.xcconfig"; sourceTree = "<group>"; };
		5A8E411DC3724C229F8DD8C2 /* AmiriQuran.ttf */ = {isa = PBXFileReference; explicitFileType = undefined; fileEncoding = 9; includeInIndex = 0; lastKnownFileType = unknown; name = AmiriQuran.ttf; path = ../assets/fonts/AmiriQuran.ttf; sourceTree = "<group>"; };
		5E29667A083C4E34AB6B9A82 /* AntDesign.ttf */ = {isa = PBXFileReference; explicitFileType = undefined; fileEncoding = 9; includeInIndex = 0; lastKnownFileType = unknown; name = AntDesign.ttf; path = "../node_modules/react-native-vector-icons/Fonts/AntDesign.ttf"; sourceTree = "<group>"; };
		5F32C15D355C40C7896C0D8A /* AntDesign.ttf */ = {isa = PBXFileReference; explicitFileType = undefined; fileEncoding = 9; includeInIndex = 0; lastKnownFileType = unknown; name = AntDesign.ttf; path = "../node_modules/native-base/Fonts/AntDesign.ttf"; sourceTree = "<group>"; };
		6822BC88A8B98B53B41696B9 /* libPods-RecitationMobileClient.a */ = {isa = PBXFileReference; explicitFileType = archive.ar; includeInIndex = 0; path = "libPods-RecitationMobileClient.a"; sourceTree = BUILT_PRODUCTS_DIR; };
		6D02877FF52B4DAE9FE932AF /* FontAwesome5_Brands.ttf */ = {isa = PBXFileReference; explicitFileType = undefined; fileEncoding = 9; includeInIndex = 0; lastKnownFileType = unknown; name = FontAwesome5_Brands.ttf; path = "../node_modules/native-base/Fonts/FontAwesome5_Brands.ttf"; sourceTree = "<group>"; };
		710643DE8BF56B29E5A4527B /* Pods-RecitationMobileClientTests.debug.xcconfig */ = {isa = PBXFileReference; includeInIndex = 1; lastKnownFileType = text.xcconfig; name = "Pods-RecitationMobileClientTests.debug.xcconfig"; path = "Target Support Files/Pods-RecitationMobileClientTests/Pods-RecitationMobileClientTests.debug.xcconfig"; sourceTree = "<group>"; };
		73048B2E71534A9D8DC6B16F /* MaterialIcons.ttf */ = {isa = PBXFileReference; explicitFileType = undefined; fileEncoding = 9; includeInIndex = 0; lastKnownFileType = unknown; name = MaterialIcons.ttf; path = "../node_modules/native-base/Fonts/MaterialIcons.ttf"; sourceTree = "<group>"; };
		7A127D4B887C6E8EFDBA03D9 /* Pods-RecitationMobileClient-tvOSTests.debug.xcconfig */ = {isa = PBXFileReference; includeInIndex = 1; lastKnownFileType = text.xcconfig; name = "Pods-RecitationMobileClient-tvOSTests.debug.xcconfig"; path = "Target Support Files/Pods-RecitationMobileClient-tvOSTests/Pods-RecitationMobileClient-tvOSTests.debug.xcconfig"; sourceTree = "<group>"; };
		7C6A8E5B4F36453FAF0A91BC /* Feather.ttf */ = {isa = PBXFileReference; explicitFileType = undefined; fileEncoding = 9; includeInIndex = 0; lastKnownFileType = unknown; name = Feather.ttf; path = "../node_modules/native-base/Fonts/Feather.ttf"; sourceTree = "<group>"; };
		861388AD3F4E44FEA30005ED /* MaterialCommunityIcons.ttf */ = {isa = PBXFileReference; explicitFileType = undefined; fileEncoding = 9; includeInIndex = 0; lastKnownFileType = unknown; name = MaterialCommunityIcons.ttf; path = "../node_modules/react-native-vector-icons/Fonts/MaterialCommunityIcons.ttf"; sourceTree = "<group>"; };
		87D385036C424A109AC49F3A /* Entypo.ttf */ = {isa = PBXFileReference; explicitFileType = undefined; fileEncoding = 9; includeInIndex = 0; lastKnownFileType = unknown; name = Entypo.ttf; path = "../node_modules/react-native-vector-icons/Fonts/Entypo.ttf"; sourceTree = "<group>"; };
		8920172553B3470482A22106 /* MaterialCommunityIcons.ttf */ = {isa = PBXFileReference; explicitFileType = undefined; fileEncoding = 9; includeInIndex = 0; lastKnownFileType = unknown; name = MaterialCommunityIcons.ttf; path = "../node_modules/native-base/Fonts/MaterialCommunityIcons.ttf"; sourceTree = "<group>"; };
		8EC354BACF8243FCA2E70CD9 /* Ionicons.ttf */ = {isa = PBXFileReference; explicitFileType = undefined; fileEncoding = 9; includeInIndex = 0; lastKnownFileType = unknown; name = Ionicons.ttf; path = "../node_modules/native-base/Fonts/Ionicons.ttf"; sourceTree = "<group>"; };
		8FBCF5F3EEDD43CE93C45CFA /* Feather.ttf */ = {isa = PBXFileReference; explicitFileType = undefined; fileEncoding = 9; includeInIndex = 0; lastKnownFileType = unknown; name = Feather.ttf; path = "../node_modules/react-native-vector-icons/Fonts/Feather.ttf"; sourceTree = "<group>"; };
		8FEBCB21724D9BFAD080F445 /* Pods-RecitationMobileClient-tvOS.release.xcconfig */ = {isa = PBXFileReference; includeInIndex = 1; lastKnownFileType = text.xcconfig; name = "Pods-RecitationMobileClient-tvOS.release.xcconfig"; path = "Target Support Files/Pods-RecitationMobileClient-tvOS/Pods-RecitationMobileClient-tvOS.release.xcconfig"; sourceTree = "<group>"; };
		92C001260DCC484EBD55C574 /* SimpleLineIcons.ttf */ = {isa = PBXFileReference; explicitFileType = undefined; fileEncoding = 9; includeInIndex = 0; lastKnownFileType = unknown; name = SimpleLineIcons.ttf; path = "../node_modules/react-native-vector-icons/Fonts/SimpleLineIcons.ttf"; sourceTree = "<group>"; };
		9538113FF68246DF8EAEEC03 /* EvilIcons.ttf */ = {isa = PBXFileReference; explicitFileType = undefined; fileEncoding = 9; includeInIndex = 0; lastKnownFileType = unknown; name = EvilIcons.ttf; path = "../node_modules/native-base/Fonts/EvilIcons.ttf"; sourceTree = "<group>"; };
		9AE5F917F97D4953AA05F732 /* Foundation.ttf */ = {isa = PBXFileReference; explicitFileType = undefined; fileEncoding = 9; includeInIndex = 0; lastKnownFileType = unknown; name = Foundation.ttf; path = "../node_modules/react-native-vector-icons/Fonts/Foundation.ttf"; sourceTree = "<group>"; };
		9DBF6BCD92014E4FAC789BCE /* Fontisto.ttf */ = {isa = PBXFileReference; explicitFileType = undefined; fileEncoding = 9; includeInIndex = 0; lastKnownFileType = unknown; name = Fontisto.ttf; path = "../node_modules/native-base/Fonts/Fontisto.ttf"; sourceTree = "<group>"; };
		A6150CE3B15A4FBA9530F8C7 /* FontAwesome5_Regular.ttf */ = {isa = PBXFileReference; explicitFileType = undefined; fileEncoding = 9; includeInIndex = 0; lastKnownFileType = unknown; name = FontAwesome5_Regular.ttf; path = "../node_modules/react-native-vector-icons/Fonts/FontAwesome5_Regular.ttf"; sourceTree = "<group>"; };
		AA397E93C55CB17153F52DBD /* Pods-RecitationMobileClientTests.release.xcconfig */ = {isa = PBXFileReference; includeInIndex = 1; lastKnownFileType = text.xcconfig; name = "Pods-RecitationMobileClientTests.release.xcconfig"; path = "Target Support Files/Pods-RecitationMobileClientTests/Pods-RecitationMobileClientTests.release.xcconfig"; sourceTree = "<group>"; };
		B8AEAB67C5114733A8A778EB /* rubicon-icon-font.ttf */ = {isa = PBXFileReference; explicitFileType = undefined; fileEncoding = 9; includeInIndex = 0; lastKnownFileType = unknown; name = "rubicon-icon-font.ttf"; path = "../node_modules/native-base/Fonts/rubicon-icon-font.ttf"; sourceTree = "<group>"; };
		BF0A7DD64240C63DCB3EF0D1 /* libPods-RecitationMobileClientTests.a */ = {isa = PBXFileReference; explicitFileType = archive.ar; includeInIndex = 0; path = "libPods-RecitationMobileClientTests.a"; sourceTree = BUILT_PRODUCTS_DIR; };
		BF87D135D2EA4CF6B91A9E59 /* FontAwesome5_Solid.ttf */ = {isa = PBXFileReference; explicitFileType = undefined; fileEncoding = 9; includeInIndex = 0; lastKnownFileType = unknown; name = FontAwesome5_Solid.ttf; path = "../node_modules/react-native-vector-icons/Fonts/FontAwesome5_Solid.ttf"; sourceTree = "<group>"; };
		C3E0D87EA81E4779B122B6A5 /* SimpleLineIcons.ttf */ = {isa = PBXFileReference; explicitFileType = undefined; fileEncoding = 9; includeInIndex = 0; lastKnownFileType = unknown; name = SimpleLineIcons.ttf; path = "../node_modules/native-base/Fonts/SimpleLineIcons.ttf"; sourceTree = "<group>"; };
		C6FD5880493B4015B865A811 /* AmiriQuranColored.ttf */ = {isa = PBXFileReference; fileEncoding = 9; includeInIndex = 0; lastKnownFileType = file; name = AmiriQuranColored.ttf; path = ../assets/fonts/AmiriQuranColored.ttf; sourceTree = "<group>"; };
		C90ACB614A5C4D1396722109 /* FontAwesome.ttf */ = {isa = PBXFileReference; explicitFileType = undefined; fileEncoding = 9; includeInIndex = 0; lastKnownFileType = unknown; name = FontAwesome.ttf; path = "../node_modules/react-native-vector-icons/Fonts/FontAwesome.ttf"; sourceTree = "<group>"; };
		D1082E41667A08EF09679B42 /* libPods-RecitationMobileClient-tvOSTests.a */ = {isa = PBXFileReference; explicitFileType = archive.ar; includeInIndex = 0; path = "libPods-RecitationMobileClient-tvOSTests.a"; sourceTree = BUILT_PRODUCTS_DIR; };
		D9BFE7BCB1C42CFA7AD7B7B7 /* Pods-RecitationMobileClient-tvOS.debug.xcconfig */ = {isa = PBXFileReference; includeInIndex = 1; lastKnownFileType = text.xcconfig; name = "Pods-RecitationMobileClient-tvOS.debug.xcconfig"; path = "Target Support Files/Pods-RecitationMobileClient-tvOS/Pods-RecitationMobileClient-tvOS.debug.xcconfig"; sourceTree = "<group>"; };
		DD352B9B09994C64BA78B29F /* Amiri-Bold.ttf */ = {isa = PBXFileReference; explicitFileType = undefined; fileEncoding = 9; includeInIndex = 0; lastKnownFileType = unknown; name = "Amiri-Bold.ttf"; path = "../assets/fonts/Amiri-Bold.ttf"; sourceTree = "<group>"; };
		DF70FD6B232741E6AA1FE357 /* EvilIcons.ttf */ = {isa = PBXFileReference; explicitFileType = undefined; fileEncoding = 9; includeInIndex = 0; lastKnownFileType = unknown; name = EvilIcons.ttf; path = "../node_modules/react-native-vector-icons/Fonts/EvilIcons.ttf"; sourceTree = "<group>"; };
		E534811435B64792A87C5E32 /* Roboto_medium.ttf */ = {isa = PBXFileReference; explicitFileType = undefined; fileEncoding = 9; includeInIndex = 0; lastKnownFileType = unknown; name = Roboto_medium.ttf; path = "../node_modules/native-base/Fonts/Roboto_medium.ttf"; sourceTree = "<group>"; };
		E6A8839D59844A48BCE9AFEE /* Entypo.ttf */ = {isa = PBXFileReference; explicitFileType = undefined; fileEncoding = 9; includeInIndex = 0; lastKnownFileType = unknown; name = Entypo.ttf; path = "../node_modules/native-base/Fonts/Entypo.ttf"; sourceTree = "<group>"; };
		EBA4C0568CB9484D89B4B0CF /* Octicons.ttf */ = {isa = PBXFileReference; explicitFileType = undefined; fileEncoding = 9; includeInIndex = 0; lastKnownFileType = unknown; name = Octicons.ttf; path = "../node_modules/native-base/Fonts/Octicons.ttf"; sourceTree = "<group>"; };
		ED297162215061F000B7C4FE /* JavaScriptCore.framework */ = {isa = PBXFileReference; lastKnownFileType = wrapper.framework; name = JavaScriptCore.framework; path = System/Library/Frameworks/JavaScriptCore.framework; sourceTree = SDKROOT; };
		ED2971642150620600B7C4FE /* JavaScriptCore.framework */ = {isa = PBXFileReference; lastKnownFileType = wrapper.framework; name = JavaScriptCore.framework; path = Platforms/AppleTVOS.platform/Developer/SDKs/AppleTVOS12.0.sdk/System/Library/Frameworks/JavaScriptCore.framework; sourceTree = DEVELOPER_DIR; };
		EFA6FF75BE1B492389BEB167 /* FontAwesome.ttf */ = {isa = PBXFileReference; explicitFileType = undefined; fileEncoding = 9; includeInIndex = 0; lastKnownFileType = unknown; name = FontAwesome.ttf; path = "../node_modules/native-base/Fonts/FontAwesome.ttf"; sourceTree = "<group>"; };
		FC294A3C6D2F45C68954AE81 /* Roboto.ttf */ = {isa = PBXFileReference; explicitFileType = undefined; fileEncoding = 9; includeInIndex = 0; lastKnownFileType = unknown; name = Roboto.ttf; path = "../node_modules/native-base/Fonts/Roboto.ttf"; sourceTree = "<group>"; };
		FC49C0CCFC094396969023B1 /* Zocial.ttf */ = {isa = PBXFileReference; explicitFileType = undefined; fileEncoding = 9; includeInIndex = 0; lastKnownFileType = unknown; name = Zocial.ttf; path = "../node_modules/react-native-vector-icons/Fonts/Zocial.ttf"; sourceTree = "<group>"; };
		FD3C736C7B3442F985BD42BD /* FontAwesome5_Regular.ttf */ = {isa = PBXFileReference; explicitFileType = undefined; fileEncoding = 9; includeInIndex = 0; lastKnownFileType = unknown; name = FontAwesome5_Regular.ttf; path = "../node_modules/native-base/Fonts/FontAwesome5_Regular.ttf"; sourceTree = "<group>"; };
/* End PBXFileReference section */

/* Begin PBXFrameworksBuildPhase section */
		00E356EB1AD99517003FC87E /* Frameworks */ = {
			isa = PBXFrameworksBuildPhase;
			buildActionMask = 2147483647;
			files = (
				BE09B8260EBC589E80E96A55 /* libPods-RecitationMobileClientTests.a in Frameworks */,
			);
			runOnlyForDeploymentPostprocessing = 0;
		};
		13B07F8C1A680F5B00A75B9A /* Frameworks */ = {
			isa = PBXFrameworksBuildPhase;
			buildActionMask = 2147483647;
			files = (
				0397448D2838AEB2D7026437 /* libPods-RecitationMobileClient.a in Frameworks */,
			);
			runOnlyForDeploymentPostprocessing = 0;
		};
		2D02E4781E0B4A5D006451C7 /* Frameworks */ = {
			isa = PBXFrameworksBuildPhase;
			buildActionMask = 2147483647;
			files = (
				32EAE113F66525090E46C7F6 /* libPods-RecitationMobileClient-tvOS.a in Frameworks */,
			);
			runOnlyForDeploymentPostprocessing = 0;
		};
		2D02E48D1E0B4A5D006451C7 /* Frameworks */ = {
			isa = PBXFrameworksBuildPhase;
			buildActionMask = 2147483647;
			files = (
				E19D20997BA2CF584D3C756D /* libPods-RecitationMobileClient-tvOSTests.a in Frameworks */,
			);
			runOnlyForDeploymentPostprocessing = 0;
		};
/* End PBXFrameworksBuildPhase section */

/* Begin PBXGroup section */
		00E356EF1AD99517003FC87E /* RecitationMobileClientTests */ = {
			isa = PBXGroup;
			children = (
				00E356F21AD99517003FC87E /* RecitationMobileClientTests.m */,
				00E356F01AD99517003FC87E /* Supporting Files */,
			);
			path = RecitationMobileClientTests;
			sourceTree = "<group>";
		};
		00E356F01AD99517003FC87E /* Supporting Files */ = {
			isa = PBXGroup;
			children = (
				00E356F11AD99517003FC87E /* Info.plist */,
			);
			name = "Supporting Files";
			sourceTree = "<group>";
		};
		13B07FAE1A68108700A75B9A /* RecitationMobileClient */ = {
			isa = PBXGroup;
			children = (
				008F07F21AC5B25A0029DE68 /* main.jsbundle */,
				13B07FAF1A68108700A75B9A /* AppDelegate.h */,
				13B07FB01A68108700A75B9A /* AppDelegate.m */,
				13B07FB51A68108700A75B9A /* Images.xcassets */,
				13B07FB61A68108700A75B9A /* Info.plist */,
				13B07FB11A68108700A75B9A /* LaunchScreen.xib */,
				13B07FB71A68108700A75B9A /* main.m */,
			);
			name = RecitationMobileClient;
			sourceTree = "<group>";
		};
		257CB3CB22E940DDBD8F81B9 /* Resources */ = {
			isa = PBXGroup;
			children = (
				5E29667A083C4E34AB6B9A82 /* AntDesign.ttf */,
				87D385036C424A109AC49F3A /* Entypo.ttf */,
				DF70FD6B232741E6AA1FE357 /* EvilIcons.ttf */,
				8FBCF5F3EEDD43CE93C45CFA /* Feather.ttf */,
				C90ACB614A5C4D1396722109 /* FontAwesome.ttf */,
				3005CB4D3F69469B8B3C3E8D /* FontAwesome5_Brands.ttf */,
				A6150CE3B15A4FBA9530F8C7 /* FontAwesome5_Regular.ttf */,
				BF87D135D2EA4CF6B91A9E59 /* FontAwesome5_Solid.ttf */,
				4A27FC8F7CA946E5BE7F3084 /* Fontisto.ttf */,
				9AE5F917F97D4953AA05F732 /* Foundation.ttf */,
				40C6C128A8F144BEA3DBEEE4 /* Ionicons.ttf */,
				861388AD3F4E44FEA30005ED /* MaterialCommunityIcons.ttf */,
				1CB06D7EA7C24AEAB8AD53BF /* MaterialIcons.ttf */,
				2CCB0C3BD1E74BD29DA2684A /* Octicons.ttf */,
				92C001260DCC484EBD55C574 /* SimpleLineIcons.ttf */,
				FC49C0CCFC094396969023B1 /* Zocial.ttf */,
				DD352B9B09994C64BA78B29F /* Amiri-Bold.ttf */,
				149D9FA87E8C480CBA03034B /* Amiri-BoldSlanted.ttf */,
				4768BCEFFEDB48D98924492D /* Amiri-Regular.ttf */,
				2CB5D069B0324FA0917C77EF /* Amiri-Slanted.ttf */,
				5A8E411DC3724C229F8DD8C2 /* AmiriQuran.ttf */,
				C6FD5880493B4015B865A811 /* AmiriQuranColored.ttf */,
				5F32C15D355C40C7896C0D8A /* AntDesign.ttf */,
				E6A8839D59844A48BCE9AFEE /* Entypo.ttf */,
				9538113FF68246DF8EAEEC03 /* EvilIcons.ttf */,
				7C6A8E5B4F36453FAF0A91BC /* Feather.ttf */,
				EFA6FF75BE1B492389BEB167 /* FontAwesome.ttf */,
				6D02877FF52B4DAE9FE932AF /* FontAwesome5_Brands.ttf */,
				FD3C736C7B3442F985BD42BD /* FontAwesome5_Regular.ttf */,
				271DFEE701274E2C90FB95AA /* FontAwesome5_Solid.ttf */,
				9DBF6BCD92014E4FAC789BCE /* Fontisto.ttf */,
				40A36109654946E6B3C75A13 /* Foundation.ttf */,
				8EC354BACF8243FCA2E70CD9 /* Ionicons.ttf */,
				8920172553B3470482A22106 /* MaterialCommunityIcons.ttf */,
				73048B2E71534A9D8DC6B16F /* MaterialIcons.ttf */,
				EBA4C0568CB9484D89B4B0CF /* Octicons.ttf */,
				E534811435B64792A87C5E32 /* Roboto_medium.ttf */,
				FC294A3C6D2F45C68954AE81 /* Roboto.ttf */,
				B8AEAB67C5114733A8A778EB /* rubicon-icon-font.ttf */,
				C3E0D87EA81E4779B122B6A5 /* SimpleLineIcons.ttf */,
				2E6BB6B368E14F2197BE1079 /* Zocial.ttf */,
			);
			name = Resources;
			sourceTree = "<group>";
		};
		2D16E6871FA4F8E400B85C8A /* Frameworks */ = {
			isa = PBXGroup;
			children = (
				ED297162215061F000B7C4FE /* JavaScriptCore.framework */,
				ED2971642150620600B7C4FE /* JavaScriptCore.framework */,
				6822BC88A8B98B53B41696B9 /* libPods-RecitationMobileClient.a */,
				27D9FEABCB5F30A80781E434 /* libPods-RecitationMobileClient-tvOS.a */,
				D1082E41667A08EF09679B42 /* libPods-RecitationMobileClient-tvOSTests.a */,
				BF0A7DD64240C63DCB3EF0D1 /* libPods-RecitationMobileClientTests.a */,
			);
			name = Frameworks;
			sourceTree = "<group>";
		};
		832341AE1AAA6A7D00B99B32 /* Libraries */ = {
			isa = PBXGroup;
			children = (
			);
			name = Libraries;
			sourceTree = "<group>";
		};
		83CBB9F61A601CBA00E9B192 = {
			isa = PBXGroup;
			children = (
				13B07FAE1A68108700A75B9A /* RecitationMobileClient */,
				832341AE1AAA6A7D00B99B32 /* Libraries */,
				00E356EF1AD99517003FC87E /* RecitationMobileClientTests */,
				83CBBA001A601CBA00E9B192 /* Products */,
				2D16E6871FA4F8E400B85C8A /* Frameworks */,
				257CB3CB22E940DDBD8F81B9 /* Resources */,
				FFC43EEBF71F9848F3D07ED6 /* Pods */,
			);
			indentWidth = 2;
			sourceTree = "<group>";
			tabWidth = 2;
			usesTabs = 0;
		};
		83CBBA001A601CBA00E9B192 /* Products */ = {
			isa = PBXGroup;
			children = (
				13B07F961A680F5B00A75B9A /* RecitationMobileClient.app */,
				00E356EE1AD99517003FC87E /* RecitationMobileClientTests.xctest */,
				2D02E47B1E0B4A5D006451C7 /* RecitationMobileClient-tvOS.app */,
				2D02E4901E0B4A5D006451C7 /* RecitationMobileClient-tvOSTests.xctest */,
			);
			name = Products;
			sourceTree = "<group>";
		};
		FFC43EEBF71F9848F3D07ED6 /* Pods */ = {
			isa = PBXGroup;
			children = (
				10C14755936812C1346CFF81 /* Pods-RecitationMobileClient.debug.xcconfig */,
				4F63CC6E817AA63A01890AB8 /* Pods-RecitationMobileClient.release.xcconfig */,
				D9BFE7BCB1C42CFA7AD7B7B7 /* Pods-RecitationMobileClient-tvOS.debug.xcconfig */,
				8FEBCB21724D9BFAD080F445 /* Pods-RecitationMobileClient-tvOS.release.xcconfig */,
				7A127D4B887C6E8EFDBA03D9 /* Pods-RecitationMobileClient-tvOSTests.debug.xcconfig */,
				2AE18246276CC4ECF132C8F7 /* Pods-RecitationMobileClient-tvOSTests.release.xcconfig */,
				710643DE8BF56B29E5A4527B /* Pods-RecitationMobileClientTests.debug.xcconfig */,
				AA397E93C55CB17153F52DBD /* Pods-RecitationMobileClientTests.release.xcconfig */,
			);
			path = Pods;
			sourceTree = "<group>";
		};
/* End PBXGroup section */

/* Begin PBXNativeTarget section */
		00E356ED1AD99517003FC87E /* RecitationMobileClientTests */ = {
			isa = PBXNativeTarget;
			buildConfigurationList = 00E357021AD99517003FC87E /* Build configuration list for PBXNativeTarget "RecitationMobileClientTests" */;
			buildPhases = (
				7B227B92D44C5CC5F56158BC /* [CP] Check Pods Manifest.lock */,
				00E356EA1AD99517003FC87E /* Sources */,
				00E356EB1AD99517003FC87E /* Frameworks */,
				00E356EC1AD99517003FC87E /* Resources */,
			);
			buildRules = (
			);
			dependencies = (
				00E356F51AD99517003FC87E /* PBXTargetDependency */,
			);
			name = RecitationMobileClientTests;
			productName = RecitationMobileClientTests;
			productReference = 00E356EE1AD99517003FC87E /* RecitationMobileClientTests.xctest */;
			productType = "com.apple.product-type.bundle.unit-test";
		};
		13B07F861A680F5B00A75B9A /* RecitationMobileClient */ = {
			isa = PBXNativeTarget;
			buildConfigurationList = 13B07F931A680F5B00A75B9A /* Build configuration list for PBXNativeTarget "RecitationMobileClient" */;
			buildPhases = (
				8270DFAC3A5EC8C567AC0B03 /* [CP] Check Pods Manifest.lock */,
				FD10A7F022414F080027D42C /* Start Packager */,
				13B07F871A680F5B00A75B9A /* Sources */,
				13B07F8C1A680F5B00A75B9A /* Frameworks */,
				13B07F8E1A680F5B00A75B9A /* Resources */,
				00DD1BFF1BD5951E006B06BC /* Bundle React Native code and images */,
				C9A9A37246B9D2EADAF51B1B /* [CP] Copy Pods Resources */,
			);
			buildRules = (
			);
			dependencies = (
			);
			name = RecitationMobileClient;
			productName = RecitationMobileClient;
			productReference = 13B07F961A680F5B00A75B9A /* RecitationMobileClient.app */;
			productType = "com.apple.product-type.application";
		};
		2D02E47A1E0B4A5D006451C7 /* RecitationMobileClient-tvOS */ = {
			isa = PBXNativeTarget;
			buildConfigurationList = 2D02E4BA1E0B4A5E006451C7 /* Build configuration list for PBXNativeTarget "RecitationMobileClient-tvOS" */;
			buildPhases = (
				CE4B4E4F964F2A4A6D85B626 /* [CP] Check Pods Manifest.lock */,
				FD10A7F122414F3F0027D42C /* Start Packager */,
				2D02E4771E0B4A5D006451C7 /* Sources */,
				2D02E4781E0B4A5D006451C7 /* Frameworks */,
				2D02E4791E0B4A5D006451C7 /* Resources */,
				2D02E4CB1E0B4B27006451C7 /* Bundle React Native Code And Images */,
			);
			buildRules = (
			);
			dependencies = (
			);
			name = "RecitationMobileClient-tvOS";
			productName = "RecitationMobileClient-tvOS";
			productReference = 2D02E47B1E0B4A5D006451C7 /* RecitationMobileClient-tvOS.app */;
			productType = "com.apple.product-type.application";
		};
		2D02E48F1E0B4A5D006451C7 /* RecitationMobileClient-tvOSTests */ = {
			isa = PBXNativeTarget;
			buildConfigurationList = 2D02E4BB1E0B4A5E006451C7 /* Build configuration list for PBXNativeTarget "RecitationMobileClient-tvOSTests" */;
			buildPhases = (
				344665B12D6F15D8EDCA8BC2 /* [CP] Check Pods Manifest.lock */,
				2D02E48C1E0B4A5D006451C7 /* Sources */,
				2D02E48D1E0B4A5D006451C7 /* Frameworks */,
				2D02E48E1E0B4A5D006451C7 /* Resources */,
			);
			buildRules = (
			);
			dependencies = (
				2D02E4921E0B4A5D006451C7 /* PBXTargetDependency */,
			);
			name = "RecitationMobileClient-tvOSTests";
			productName = "RecitationMobileClient-tvOSTests";
			productReference = 2D02E4901E0B4A5D006451C7 /* RecitationMobileClient-tvOSTests.xctest */;
			productType = "com.apple.product-type.bundle.unit-test";
		};
/* End PBXNativeTarget section */

/* Begin PBXProject section */
		83CBB9F71A601CBA00E9B192 /* Project object */ = {
			isa = PBXProject;
			attributes = {
				LastUpgradeCheck = 940;
				ORGANIZATIONNAME = Facebook;
				TargetAttributes = {
					00E356ED1AD99517003FC87E = {
						CreatedOnToolsVersion = 6.2;
						TestTargetID = 13B07F861A680F5B00A75B9A;
					};
					13B07F861A680F5B00A75B9A = {
						DevelopmentTeam = 3FQ7SW255V;
					};
					2D02E47A1E0B4A5D006451C7 = {
						CreatedOnToolsVersion = 8.2.1;
						ProvisioningStyle = Automatic;
					};
					2D02E48F1E0B4A5D006451C7 = {
						CreatedOnToolsVersion = 8.2.1;
						ProvisioningStyle = Automatic;
						TestTargetID = 2D02E47A1E0B4A5D006451C7;
					};
				};
			};
			buildConfigurationList = 83CBB9FA1A601CBA00E9B192 /* Build configuration list for PBXProject "RecitationMobileClient" */;
			compatibilityVersion = "Xcode 3.2";
			developmentRegion = English;
			hasScannedForEncodings = 0;
			knownRegions = (
				en,
				Base,
			);
			mainGroup = 83CBB9F61A601CBA00E9B192;
			productRefGroup = 83CBBA001A601CBA00E9B192 /* Products */;
			projectDirPath = "";
			projectRoot = "";
			targets = (
				13B07F861A680F5B00A75B9A /* RecitationMobileClient */,
				00E356ED1AD99517003FC87E /* RecitationMobileClientTests */,
				2D02E47A1E0B4A5D006451C7 /* RecitationMobileClient-tvOS */,
				2D02E48F1E0B4A5D006451C7 /* RecitationMobileClient-tvOSTests */,
			);
		};
/* End PBXProject section */

/* Begin PBXResourcesBuildPhase section */
		00E356EC1AD99517003FC87E /* Resources */ = {
			isa = PBXResourcesBuildPhase;
			buildActionMask = 2147483647;
			files = (
			);
			runOnlyForDeploymentPostprocessing = 0;
		};
		13B07F8E1A680F5B00A75B9A /* Resources */ = {
			isa = PBXResourcesBuildPhase;
			buildActionMask = 2147483647;
			files = (
				13B07FBF1A68108700A75B9A /* Images.xcassets in Resources */,
				13B07FBD1A68108700A75B9A /* LaunchScreen.xib in Resources */,
				22F2DABE1D7843A3A1CEF1A3 /* AntDesign.ttf in Resources */,
				0D00545A3A034107AC2E9480 /* Entypo.ttf in Resources */,
				5BCEBE309C834D30B11D16CE /* EvilIcons.ttf in Resources */,
				247F51C603B24EB99E0B334D /* Feather.ttf in Resources */,
				C680335BB0174D1CBD4ACE7A /* FontAwesome.ttf in Resources */,
				A4207A857E8141AE877A9741 /* FontAwesome5_Brands.ttf in Resources */,
				D22E6BFA68CE476AA1FD10D3 /* FontAwesome5_Regular.ttf in Resources */,
				82F3D76FEAF64C0C9D6F40B3 /* FontAwesome5_Solid.ttf in Resources */,
				E6DAA169109749D1AD1A9D75 /* Fontisto.ttf in Resources */,
				DD2952313F114D869BB66713 /* Foundation.ttf in Resources */,
				495A9DDD16BC4A1C812C5553 /* Ionicons.ttf in Resources */,
				C5AEE3261B014507B9A818B6 /* MaterialCommunityIcons.ttf in Resources */,
				AA1BFD1F84294788BBF85F1F /* MaterialIcons.ttf in Resources */,
				0EB77F6C92FF457BAF00EF08 /* Octicons.ttf in Resources */,
				AAB7F4E0CFB44DC6B3B5A05D /* SimpleLineIcons.ttf in Resources */,
				5487119F0F364BF998487164 /* Zocial.ttf in Resources */,
				1CD3D141102249E89744ED90 /* Amiri-Bold.ttf in Resources */,
				62E3CFD7882742BA87E7D03F /* Amiri-BoldSlanted.ttf in Resources */,
				72E8C4363B824FFF8F4D387D /* Amiri-Regular.ttf in Resources */,
				DB8E68DBA43D40F494A0C0B8 /* Amiri-Slanted.ttf in Resources */,
				00ED44ED0DAB41049E64B747 /* AmiriQuran.ttf in Resources */,
				E4379B9E04B34CAAB200F8FD /* AmiriQuranColored.ttf in Resources */,
				2307D9B7974343DA814924D0 /* AntDesign.ttf in Resources */,
				3E50CDD4CC3F481A8C472080 /* Entypo.ttf in Resources */,
				038CB7434D844605ADB1F3EC /* EvilIcons.ttf in Resources */,
				276C75ABD7A146AD832579A7 /* Feather.ttf in Resources */,
				9B877DF4479C4EACAFA46B7C /* FontAwesome.ttf in Resources */,
				24C73664B4FB45D886987BFD /* FontAwesome5_Brands.ttf in Resources */,
				910666B1DDDE4F0387B78031 /* FontAwesome5_Regular.ttf in Resources */,
				E2738E789E2646F0B613F45D /* FontAwesome5_Solid.ttf in Resources */,
				C4B4CB276ED3437F94D16FA1 /* Fontisto.ttf in Resources */,
				5337A7B21E5B4E52BE74302D /* Foundation.ttf in Resources */,
				F2EEB68841914803ACC3481F /* Ionicons.ttf in Resources */,
				2DA2C03836484A6CB2367649 /* MaterialCommunityIcons.ttf in Resources */,
				71218260799D403AB2FCCBDC /* MaterialIcons.ttf in Resources */,
				1EEFFE3F6C2942A681C60C1E /* Octicons.ttf in Resources */,
				9B84C0610EB841039E953CCB /* Roboto_medium.ttf in Resources */,
				4011764C2B3848B5B58434FA /* Roboto.ttf in Resources */,
				7082FCB0B0634DF9A28A3EB1 /* rubicon-icon-font.ttf in Resources */,
				44E4AF2B1ADB4901B81996B3 /* SimpleLineIcons.ttf in Resources */,
				300FF37408DF499194CFEEF3 /* Zocial.ttf in Resources */,
			);
			runOnlyForDeploymentPostprocessing = 0;
		};
		2D02E4791E0B4A5D006451C7 /* Resources */ = {
			isa = PBXResourcesBuildPhase;
			buildActionMask = 2147483647;
			files = (
				2D02E4BD1E0B4A84006451C7 /* Images.xcassets in Resources */,
			);
			runOnlyForDeploymentPostprocessing = 0;
		};
		2D02E48E1E0B4A5D006451C7 /* Resources */ = {
			isa = PBXResourcesBuildPhase;
			buildActionMask = 2147483647;
			files = (
			);
			runOnlyForDeploymentPostprocessing = 0;
		};
/* End PBXResourcesBuildPhase section */

/* Begin PBXShellScriptBuildPhase section */
		00DD1BFF1BD5951E006B06BC /* Bundle React Native code and images */ = {
			isa = PBXShellScriptBuildPhase;
			buildActionMask = 2147483647;
			files = (
			);
			inputPaths = (
			);
			name = "Bundle React Native code and images";
			outputPaths = (
			);
			runOnlyForDeploymentPostprocessing = 0;
			shellPath = /bin/sh;
			shellScript = "export NODE_BINARY=node\n../node_modules/react-native/scripts/react-native-xcode.sh\n";
		};
		2D02E4CB1E0B4B27006451C7 /* Bundle React Native Code And Images */ = {
			isa = PBXShellScriptBuildPhase;
			buildActionMask = 2147483647;
			files = (
			);
			inputPaths = (
			);
			name = "Bundle React Native Code And Images";
			outputPaths = (
			);
			runOnlyForDeploymentPostprocessing = 0;
			shellPath = /bin/sh;
			shellScript = "export NODE_BINARY=node\n../node_modules/react-native/scripts/react-native-xcode.sh";
		};
		344665B12D6F15D8EDCA8BC2 /* [CP] Check Pods Manifest.lock */ = {
			isa = PBXShellScriptBuildPhase;
			buildActionMask = 2147483647;
			files = (
			);
			inputFileListPaths = (
			);
			inputPaths = (
				"${PODS_PODFILE_DIR_PATH}/Podfile.lock",
				"${PODS_ROOT}/Manifest.lock",
			);
			name = "[CP] Check Pods Manifest.lock";
			outputFileListPaths = (
			);
			outputPaths = (
				"$(DERIVED_FILE_DIR)/Pods-RecitationMobileClient-tvOSTests-checkManifestLockResult.txt",
			);
			runOnlyForDeploymentPostprocessing = 0;
			shellPath = /bin/sh;
			shellScript = "diff \"${PODS_PODFILE_DIR_PATH}/Podfile.lock\" \"${PODS_ROOT}/Manifest.lock\" > /dev/null\nif [ $? != 0 ] ; then\n    # print error to STDERR\n    echo \"error: The sandbox is not in sync with the Podfile.lock. Run 'pod install' or update your CocoaPods installation.\" >&2\n    exit 1\nfi\n# This output is used by Xcode 'outputs' to avoid re-running this script phase.\necho \"SUCCESS\" > \"${SCRIPT_OUTPUT_FILE_0}\"\n";
			showEnvVarsInLog = 0;
		};
		7B227B92D44C5CC5F56158BC /* [CP] Check Pods Manifest.lock */ = {
			isa = PBXShellScriptBuildPhase;
			buildActionMask = 2147483647;
			files = (
			);
			inputFileListPaths = (
			);
			inputPaths = (
				"${PODS_PODFILE_DIR_PATH}/Podfile.lock",
				"${PODS_ROOT}/Manifest.lock",
			);
			name = "[CP] Check Pods Manifest.lock";
			outputFileListPaths = (
			);
			outputPaths = (
				"$(DERIVED_FILE_DIR)/Pods-RecitationMobileClientTests-checkManifestLockResult.txt",
			);
			runOnlyForDeploymentPostprocessing = 0;
			shellPath = /bin/sh;
			shellScript = "diff \"${PODS_PODFILE_DIR_PATH}/Podfile.lock\" \"${PODS_ROOT}/Manifest.lock\" > /dev/null\nif [ $? != 0 ] ; then\n    # print error to STDERR\n    echo \"error: The sandbox is not in sync with the Podfile.lock. Run 'pod install' or update your CocoaPods installation.\" >&2\n    exit 1\nfi\n# This output is used by Xcode 'outputs' to avoid re-running this script phase.\necho \"SUCCESS\" > \"${SCRIPT_OUTPUT_FILE_0}\"\n";
			showEnvVarsInLog = 0;
		};
		8270DFAC3A5EC8C567AC0B03 /* [CP] Check Pods Manifest.lock */ = {
			isa = PBXShellScriptBuildPhase;
			buildActionMask = 2147483647;
			files = (
			);
			inputFileListPaths = (
			);
			inputPaths = (
				"${PODS_PODFILE_DIR_PATH}/Podfile.lock",
				"${PODS_ROOT}/Manifest.lock",
			);
			name = "[CP] Check Pods Manifest.lock";
			outputFileListPaths = (
			);
			outputPaths = (
				"$(DERIVED_FILE_DIR)/Pods-RecitationMobileClient-checkManifestLockResult.txt",
			);
			runOnlyForDeploymentPostprocessing = 0;
			shellPath = /bin/sh;
			shellScript = "diff \"${PODS_PODFILE_DIR_PATH}/Podfile.lock\" \"${PODS_ROOT}/Manifest.lock\" > /dev/null\nif [ $? != 0 ] ; then\n    # print error to STDERR\n    echo \"error: The sandbox is not in sync with the Podfile.lock. Run 'pod install' or update your CocoaPods installation.\" >&2\n    exit 1\nfi\n# This output is used by Xcode 'outputs' to avoid re-running this script phase.\necho \"SUCCESS\" > \"${SCRIPT_OUTPUT_FILE_0}\"\n";
			showEnvVarsInLog = 0;
		};
		C9A9A37246B9D2EADAF51B1B /* [CP] Copy Pods Resources */ = {
			isa = PBXShellScriptBuildPhase;
			buildActionMask = 2147483647;
			files = (
			);
			inputPaths = (
				"${PODS_ROOT}/Target Support Files/Pods-RecitationMobileClient/Pods-RecitationMobileClient-resources.sh",
				"${PODS_ROOT}/../../node_modules/react-native-vector-icons/Fonts/AntDesign.ttf",
				"${PODS_ROOT}/../../node_modules/react-native-vector-icons/Fonts/Entypo.ttf",
				"${PODS_ROOT}/../../node_modules/react-native-vector-icons/Fonts/EvilIcons.ttf",
				"${PODS_ROOT}/../../node_modules/react-native-vector-icons/Fonts/Feather.ttf",
				"${PODS_ROOT}/../../node_modules/react-native-vector-icons/Fonts/FontAwesome.ttf",
				"${PODS_ROOT}/../../node_modules/react-native-vector-icons/Fonts/FontAwesome5_Brands.ttf",
				"${PODS_ROOT}/../../node_modules/react-native-vector-icons/Fonts/FontAwesome5_Regular.ttf",
				"${PODS_ROOT}/../../node_modules/react-native-vector-icons/Fonts/FontAwesome5_Solid.ttf",
				"${PODS_ROOT}/../../node_modules/react-native-vector-icons/Fonts/Fontisto.ttf",
				"${PODS_ROOT}/../../node_modules/react-native-vector-icons/Fonts/Foundation.ttf",
				"${PODS_ROOT}/../../node_modules/react-native-vector-icons/Fonts/Ionicons.ttf",
				"${PODS_ROOT}/../../node_modules/react-native-vector-icons/Fonts/MaterialCommunityIcons.ttf",
				"${PODS_ROOT}/../../node_modules/react-native-vector-icons/Fonts/MaterialIcons.ttf",
				"${PODS_ROOT}/../../node_modules/react-native-vector-icons/Fonts/Octicons.ttf",
				"${PODS_ROOT}/../../node_modules/react-native-vector-icons/Fonts/SimpleLineIcons.ttf",
				"${PODS_ROOT}/../../node_modules/react-native-vector-icons/Fonts/Zocial.ttf",
			);
			name = "[CP] Copy Pods Resources";
			outputPaths = (
				"${TARGET_BUILD_DIR}/${UNLOCALIZED_RESOURCES_FOLDER_PATH}/AntDesign.ttf",
				"${TARGET_BUILD_DIR}/${UNLOCALIZED_RESOURCES_FOLDER_PATH}/Entypo.ttf",
				"${TARGET_BUILD_DIR}/${UNLOCALIZED_RESOURCES_FOLDER_PATH}/EvilIcons.ttf",
				"${TARGET_BUILD_DIR}/${UNLOCALIZED_RESOURCES_FOLDER_PATH}/Feather.ttf",
				"${TARGET_BUILD_DIR}/${UNLOCALIZED_RESOURCES_FOLDER_PATH}/FontAwesome.ttf",
				"${TARGET_BUILD_DIR}/${UNLOCALIZED_RESOURCES_FOLDER_PATH}/FontAwesome5_Brands.ttf",
				"${TARGET_BUILD_DIR}/${UNLOCALIZED_RESOURCES_FOLDER_PATH}/FontAwesome5_Regular.ttf",
				"${TARGET_BUILD_DIR}/${UNLOCALIZED_RESOURCES_FOLDER_PATH}/FontAwesome5_Solid.ttf",
				"${TARGET_BUILD_DIR}/${UNLOCALIZED_RESOURCES_FOLDER_PATH}/Fontisto.ttf",
				"${TARGET_BUILD_DIR}/${UNLOCALIZED_RESOURCES_FOLDER_PATH}/Foundation.ttf",
				"${TARGET_BUILD_DIR}/${UNLOCALIZED_RESOURCES_FOLDER_PATH}/Ionicons.ttf",
				"${TARGET_BUILD_DIR}/${UNLOCALIZED_RESOURCES_FOLDER_PATH}/MaterialCommunityIcons.ttf",
				"${TARGET_BUILD_DIR}/${UNLOCALIZED_RESOURCES_FOLDER_PATH}/MaterialIcons.ttf",
				"${TARGET_BUILD_DIR}/${UNLOCALIZED_RESOURCES_FOLDER_PATH}/Octicons.ttf",
				"${TARGET_BUILD_DIR}/${UNLOCALIZED_RESOURCES_FOLDER_PATH}/SimpleLineIcons.ttf",
				"${TARGET_BUILD_DIR}/${UNLOCALIZED_RESOURCES_FOLDER_PATH}/Zocial.ttf",
			);
			runOnlyForDeploymentPostprocessing = 0;
			shellPath = /bin/sh;
			shellScript = "\"${PODS_ROOT}/Target Support Files/Pods-RecitationMobileClient/Pods-RecitationMobileClient-resources.sh\"\n";
			showEnvVarsInLog = 0;
		};
		CE4B4E4F964F2A4A6D85B626 /* [CP] Check Pods Manifest.lock */ = {
			isa = PBXShellScriptBuildPhase;
			buildActionMask = 2147483647;
			files = (
			);
			inputFileListPaths = (
			);
			inputPaths = (
				"${PODS_PODFILE_DIR_PATH}/Podfile.lock",
				"${PODS_ROOT}/Manifest.lock",
			);
			name = "[CP] Check Pods Manifest.lock";
			outputFileListPaths = (
			);
			outputPaths = (
				"$(DERIVED_FILE_DIR)/Pods-RecitationMobileClient-tvOS-checkManifestLockResult.txt",
			);
			runOnlyForDeploymentPostprocessing = 0;
			shellPath = /bin/sh;
			shellScript = "diff \"${PODS_PODFILE_DIR_PATH}/Podfile.lock\" \"${PODS_ROOT}/Manifest.lock\" > /dev/null\nif [ $? != 0 ] ; then\n    # print error to STDERR\n    echo \"error: The sandbox is not in sync with the Podfile.lock. Run 'pod install' or update your CocoaPods installation.\" >&2\n    exit 1\nfi\n# This output is used by Xcode 'outputs' to avoid re-running this script phase.\necho \"SUCCESS\" > \"${SCRIPT_OUTPUT_FILE_0}\"\n";
			showEnvVarsInLog = 0;
		};
		FD10A7F022414F080027D42C /* Start Packager */ = {
			isa = PBXShellScriptBuildPhase;
			buildActionMask = 2147483647;
			files = (
			);
			inputFileListPaths = (
			);
			inputPaths = (
			);
			name = "Start Packager";
			outputFileListPaths = (
			);
			outputPaths = (
			);
			runOnlyForDeploymentPostprocessing = 0;
			shellPath = /bin/sh;
			shellScript = "export RCT_METRO_PORT=\"${RCT_METRO_PORT:=8081}\"\necho \"export RCT_METRO_PORT=${RCT_METRO_PORT}\" > \"${SRCROOT}/../node_modules/react-native/scripts/.packager.env\"\nif [ -z \"${RCT_NO_LAUNCH_PACKAGER+xxx}\" ] ; then\n  if nc -w 5 -z localhost ${RCT_METRO_PORT} ; then\n    if ! curl -s \"http://localhost:${RCT_METRO_PORT}/status\" | grep -q \"packager-status:running\" ; then\n      echo \"Port ${RCT_METRO_PORT} already in use, packager is either not running or not running correctly\"\n      exit 2\n    fi\n  else\n    open \"$SRCROOT/../node_modules/react-native/scripts/launchPackager.command\" || echo \"Can't start packager automatically\"\n  fi\nfi\n";
			showEnvVarsInLog = 0;
		};
		FD10A7F122414F3F0027D42C /* Start Packager */ = {
			isa = PBXShellScriptBuildPhase;
			buildActionMask = 2147483647;
			files = (
			);
			inputFileListPaths = (
			);
			inputPaths = (
			);
			name = "Start Packager";
			outputFileListPaths = (
			);
			outputPaths = (
			);
			runOnlyForDeploymentPostprocessing = 0;
			shellPath = /bin/sh;
			shellScript = "export RCT_METRO_PORT=\"${RCT_METRO_PORT:=8081}\"\necho \"export RCT_METRO_PORT=${RCT_METRO_PORT}\" > \"${SRCROOT}/../node_modules/react-native/scripts/.packager.env\"\nif [ -z \"${RCT_NO_LAUNCH_PACKAGER+xxx}\" ] ; then\n  if nc -w 5 -z localhost ${RCT_METRO_PORT} ; then\n    if ! curl -s \"http://localhost:${RCT_METRO_PORT}/status\" | grep -q \"packager-status:running\" ; then\n      echo \"Port ${RCT_METRO_PORT} already in use, packager is either not running or not running correctly\"\n      exit 2\n    fi\n  else\n    open \"$SRCROOT/../node_modules/react-native/scripts/launchPackager.command\" || echo \"Can't start packager automatically\"\n  fi\nfi\n";
			showEnvVarsInLog = 0;
		};
/* End PBXShellScriptBuildPhase section */

/* Begin PBXSourcesBuildPhase section */
		00E356EA1AD99517003FC87E /* Sources */ = {
			isa = PBXSourcesBuildPhase;
			buildActionMask = 2147483647;
			files = (
				00E356F31AD99517003FC87E /* RecitationMobileClientTests.m in Sources */,
			);
			runOnlyForDeploymentPostprocessing = 0;
		};
		13B07F871A680F5B00A75B9A /* Sources */ = {
			isa = PBXSourcesBuildPhase;
			buildActionMask = 2147483647;
			files = (
				13B07FBC1A68108700A75B9A /* AppDelegate.m in Sources */,
				13B07FC11A68108700A75B9A /* main.m in Sources */,
			);
			runOnlyForDeploymentPostprocessing = 0;
		};
		2D02E4771E0B4A5D006451C7 /* Sources */ = {
			isa = PBXSourcesBuildPhase;
			buildActionMask = 2147483647;
			files = (
				2D02E4BF1E0B4AB3006451C7 /* main.m in Sources */,
				2D02E4BC1E0B4A80006451C7 /* AppDelegate.m in Sources */,
			);
			runOnlyForDeploymentPostprocessing = 0;
		};
		2D02E48C1E0B4A5D006451C7 /* Sources */ = {
			isa = PBXSourcesBuildPhase;
			buildActionMask = 2147483647;
			files = (
				2DCD954D1E0B4F2C00145EB5 /* RecitationMobileClientTests.m in Sources */,
			);
			runOnlyForDeploymentPostprocessing = 0;
		};
/* End PBXSourcesBuildPhase section */

/* Begin PBXTargetDependency section */
		00E356F51AD99517003FC87E /* PBXTargetDependency */ = {
			isa = PBXTargetDependency;
			target = 13B07F861A680F5B00A75B9A /* RecitationMobileClient */;
			targetProxy = 00E356F41AD99517003FC87E /* PBXContainerItemProxy */;
		};
		2D02E4921E0B4A5D006451C7 /* PBXTargetDependency */ = {
			isa = PBXTargetDependency;
			target = 2D02E47A1E0B4A5D006451C7 /* RecitationMobileClient-tvOS */;
			targetProxy = 2D02E4911E0B4A5D006451C7 /* PBXContainerItemProxy */;
		};
/* End PBXTargetDependency section */

/* Begin PBXVariantGroup section */
		13B07FB11A68108700A75B9A /* LaunchScreen.xib */ = {
			isa = PBXVariantGroup;
			children = (
				13B07FB21A68108700A75B9A /* Base */,
			);
			name = LaunchScreen.xib;
			path = RecitationMobileClient;
			sourceTree = "<group>";
		};
/* End PBXVariantGroup section */

/* Begin XCBuildConfiguration section */
		00E356F61AD99517003FC87E /* Debug */ = {
			isa = XCBuildConfiguration;
			baseConfigurationReference = 710643DE8BF56B29E5A4527B /* Pods-RecitationMobileClientTests.debug.xcconfig */;
			buildSettings = {
				BUNDLE_LOADER = "$(TEST_HOST)";
				GCC_PREPROCESSOR_DEFINITIONS = (
					"DEBUG=1",
					"$(inherited)",
				);
				INFOPLIST_FILE = RecitationMobileClientTests/Info.plist;
				IPHONEOS_DEPLOYMENT_TARGET = 9.0;
				LD_RUNPATH_SEARCH_PATHS = "$(inherited) @executable_path/Frameworks @loader_path/Frameworks";
				OTHER_LDFLAGS = (
					"-ObjC",
					"-lc++",
					"$(inherited)",
				);
				PRODUCT_BUNDLE_IDENTIFIER = "org.reactjs.native.example.$(PRODUCT_NAME:rfc1034identifier)";
				PRODUCT_NAME = "$(TARGET_NAME)";
				TEST_HOST = "$(BUILT_PRODUCTS_DIR)/RecitationMobileClient.app/RecitationMobileClient";
			};
			name = Debug;
		};
		00E356F71AD99517003FC87E /* Release */ = {
			isa = XCBuildConfiguration;
			baseConfigurationReference = AA397E93C55CB17153F52DBD /* Pods-RecitationMobileClientTests.release.xcconfig */;
			buildSettings = {
				BUNDLE_LOADER = "$(TEST_HOST)";
				COPY_PHASE_STRIP = NO;
				INFOPLIST_FILE = RecitationMobileClientTests/Info.plist;
				IPHONEOS_DEPLOYMENT_TARGET = 9.0;
				LD_RUNPATH_SEARCH_PATHS = "$(inherited) @executable_path/Frameworks @loader_path/Frameworks";
				OTHER_LDFLAGS = (
					"-ObjC",
					"-lc++",
					"$(inherited)",
				);
				PRODUCT_BUNDLE_IDENTIFIER = "org.reactjs.native.example.$(PRODUCT_NAME:rfc1034identifier)";
				PRODUCT_NAME = "$(TARGET_NAME)";
				TEST_HOST = "$(BUILT_PRODUCTS_DIR)/RecitationMobileClient.app/RecitationMobileClient";
			};
			name = Release;
		};
		13B07F941A680F5B00A75B9A /* Debug */ = {
			isa = XCBuildConfiguration;
			baseConfigurationReference = 10C14755936812C1346CFF81 /* Pods-RecitationMobileClient.debug.xcconfig */;
			buildSettings = {
				ASSETCATALOG_COMPILER_APPICON_NAME = AppIcon;
				CURRENT_PROJECT_VERSION = 1;
				DEAD_CODE_STRIPPING = NO;
				DEVELOPMENT_TEAM = 3FQ7SW255V;
				INFOPLIST_FILE = RecitationMobileClient/Info.plist;
				LD_RUNPATH_SEARCH_PATHS = "$(inherited) @executable_path/Frameworks";
				OTHER_LDFLAGS = (
					"$(inherited)",
					"-ObjC",
					"-lc++",
				);
				PRODUCT_BUNDLE_IDENTIFIER = com.recitationapp.RecitationMobileClient;
				PRODUCT_NAME = RecitationMobileClient;
				VERSIONING_SYSTEM = "apple-generic";
			};
			name = Debug;
		};
		13B07F951A680F5B00A75B9A /* Release */ = {
			isa = XCBuildConfiguration;
			baseConfigurationReference = 4F63CC6E817AA63A01890AB8 /* Pods-RecitationMobileClient.release.xcconfig */;
			buildSettings = {
				ASSETCATALOG_COMPILER_APPICON_NAME = AppIcon;
				CURRENT_PROJECT_VERSION = 1;
				DEVELOPMENT_TEAM = 3FQ7SW255V;
				INFOPLIST_FILE = RecitationMobileClient/Info.plist;
				LD_RUNPATH_SEARCH_PATHS = "$(inherited) @executable_path/Frameworks";
				OTHER_LDFLAGS = (
					"$(inherited)",
					"-ObjC",
					"-lc++",
				);
				PRODUCT_BUNDLE_IDENTIFIER = com.recitationapp.RecitationMobileClient;
				PRODUCT_NAME = RecitationMobileClient;
				VERSIONING_SYSTEM = "apple-generic";
			};
			name = Release;
		};
		2D02E4971E0B4A5E006451C7 /* Debug */ = {
			isa = XCBuildConfiguration;
			baseConfigurationReference = D9BFE7BCB1C42CFA7AD7B7B7 /* Pods-RecitationMobileClient-tvOS.debug.xcconfig */;
			buildSettings = {
				ASSETCATALOG_COMPILER_APPICON_NAME = "App Icon & Top Shelf Image";
				ASSETCATALOG_COMPILER_LAUNCHIMAGE_NAME = LaunchImage;
				CLANG_ANALYZER_NONNULL = YES;
				CLANG_WARN_DOCUMENTATION_COMMENTS = YES;
				CLANG_WARN_INFINITE_RECURSION = YES;
				CLANG_WARN_SUSPICIOUS_MOVE = YES;
				DEBUG_INFORMATION_FORMAT = dwarf;
				ENABLE_TESTABILITY = YES;
				GCC_NO_COMMON_BLOCKS = YES;
				INFOPLIST_FILE = "RecitationMobileClient-tvOS/Info.plist";
				LD_RUNPATH_SEARCH_PATHS = "$(inherited) @executable_path/Frameworks";
				OTHER_LDFLAGS = (
					"$(inherited)",
					"-ObjC",
					"-lc++",
				);
				PRODUCT_BUNDLE_IDENTIFIER = "com.facebook.REACT.RecitationMobileClient-tvOS";
				PRODUCT_NAME = "$(TARGET_NAME)";
				SDKROOT = appletvos;
				TARGETED_DEVICE_FAMILY = 3;
				TVOS_DEPLOYMENT_TARGET = 9.2;
			};
			name = Debug;
		};
		2D02E4981E0B4A5E006451C7 /* Release */ = {
			isa = XCBuildConfiguration;
			baseConfigurationReference = 8FEBCB21724D9BFAD080F445 /* Pods-RecitationMobileClient-tvOS.release.xcconfig */;
			buildSettings = {
				ASSETCATALOG_COMPILER_APPICON_NAME = "App Icon & Top Shelf Image";
				ASSETCATALOG_COMPILER_LAUNCHIMAGE_NAME = LaunchImage;
				CLANG_ANALYZER_NONNULL = YES;
				CLANG_WARN_DOCUMENTATION_COMMENTS = YES;
				CLANG_WARN_INFINITE_RECURSION = YES;
				CLANG_WARN_SUSPICIOUS_MOVE = YES;
				COPY_PHASE_STRIP = NO;
				DEBUG_INFORMATION_FORMAT = "dwarf-with-dsym";
				GCC_NO_COMMON_BLOCKS = YES;
				INFOPLIST_FILE = "RecitationMobileClient-tvOS/Info.plist";
				LD_RUNPATH_SEARCH_PATHS = "$(inherited) @executable_path/Frameworks";
				OTHER_LDFLAGS = (
					"$(inherited)",
					"-ObjC",
					"-lc++",
				);
				PRODUCT_BUNDLE_IDENTIFIER = "com.facebook.REACT.RecitationMobileClient-tvOS";
				PRODUCT_NAME = "$(TARGET_NAME)";
				SDKROOT = appletvos;
				TARGETED_DEVICE_FAMILY = 3;
				TVOS_DEPLOYMENT_TARGET = 9.2;
			};
			name = Release;
		};
		2D02E4991E0B4A5E006451C7 /* Debug */ = {
			isa = XCBuildConfiguration;
			baseConfigurationReference = 7A127D4B887C6E8EFDBA03D9 /* Pods-RecitationMobileClient-tvOSTests.debug.xcconfig */;
			buildSettings = {
				BUNDLE_LOADER = "$(TEST_HOST)";
				CLANG_ANALYZER_NONNULL = YES;
				CLANG_WARN_DOCUMENTATION_COMMENTS = YES;
				CLANG_WARN_INFINITE_RECURSION = YES;
				CLANG_WARN_SUSPICIOUS_MOVE = YES;
				DEBUG_INFORMATION_FORMAT = dwarf;
				ENABLE_TESTABILITY = YES;
				GCC_NO_COMMON_BLOCKS = YES;
				INFOPLIST_FILE = "RecitationMobileClient-tvOSTests/Info.plist";
				LD_RUNPATH_SEARCH_PATHS = "$(inherited) @executable_path/Frameworks @loader_path/Frameworks";
				OTHER_LDFLAGS = (
					"$(inherited)",
					"-ObjC",
					"-lc++",
				);
				PRODUCT_BUNDLE_IDENTIFIER = "com.facebook.REACT.RecitationMobileClient-tvOSTests";
				PRODUCT_NAME = "$(TARGET_NAME)";
				SDKROOT = appletvos;
				TEST_HOST = "$(BUILT_PRODUCTS_DIR)/RecitationMobileClient-tvOS.app/RecitationMobileClient-tvOS";
				TVOS_DEPLOYMENT_TARGET = 10.1;
			};
			name = Debug;
		};
		2D02E49A1E0B4A5E006451C7 /* Release */ = {
			isa = XCBuildConfiguration;
			baseConfigurationReference = 2AE18246276CC4ECF132C8F7 /* Pods-RecitationMobileClient-tvOSTests.release.xcconfig */;
			buildSettings = {
				BUNDLE_LOADER = "$(TEST_HOST)";
				CLANG_ANALYZER_NONNULL = YES;
				CLANG_WARN_DOCUMENTATION_COMMENTS = YES;
				CLANG_WARN_INFINITE_RECURSION = YES;
				CLANG_WARN_SUSPICIOUS_MOVE = YES;
				COPY_PHASE_STRIP = NO;
				DEBUG_INFORMATION_FORMAT = "dwarf-with-dsym";
				GCC_NO_COMMON_BLOCKS = YES;
				INFOPLIST_FILE = "RecitationMobileClient-tvOSTests/Info.plist";
				LD_RUNPATH_SEARCH_PATHS = "$(inherited) @executable_path/Frameworks @loader_path/Frameworks";
				OTHER_LDFLAGS = (
					"$(inherited)",
					"-ObjC",
					"-lc++",
				);
				PRODUCT_BUNDLE_IDENTIFIER = "com.facebook.REACT.RecitationMobileClient-tvOSTests";
				PRODUCT_NAME = "$(TARGET_NAME)";
				SDKROOT = appletvos;
				TEST_HOST = "$(BUILT_PRODUCTS_DIR)/RecitationMobileClient-tvOS.app/RecitationMobileClient-tvOS";
				TVOS_DEPLOYMENT_TARGET = 10.1;
			};
			name = Release;
		};
		83CBBA201A601CBA00E9B192 /* Debug */ = {
			isa = XCBuildConfiguration;
			buildSettings = {
				ALWAYS_SEARCH_USER_PATHS = NO;
				CLANG_CXX_LANGUAGE_STANDARD = "gnu++0x";
				CLANG_CXX_LIBRARY = "libc++";
				CLANG_ENABLE_MODULES = YES;
				CLANG_ENABLE_OBJC_ARC = YES;
				CLANG_WARN_BLOCK_CAPTURE_AUTORELEASING = YES;
				CLANG_WARN_BOOL_CONVERSION = YES;
				CLANG_WARN_COMMA = YES;
				CLANG_WARN_CONSTANT_CONVERSION = YES;
				CLANG_WARN_DEPRECATED_OBJC_IMPLEMENTATIONS = YES;
				CLANG_WARN_DIRECT_OBJC_ISA_USAGE = YES_ERROR;
				CLANG_WARN_EMPTY_BODY = YES;
				CLANG_WARN_ENUM_CONVERSION = YES;
				CLANG_WARN_INFINITE_RECURSION = YES;
				CLANG_WARN_INT_CONVERSION = YES;
				CLANG_WARN_NON_LITERAL_NULL_CONVERSION = YES;
				CLANG_WARN_OBJC_IMPLICIT_RETAIN_SELF = YES;
				CLANG_WARN_OBJC_LITERAL_CONVERSION = YES;
				CLANG_WARN_OBJC_ROOT_CLASS = YES_ERROR;
				CLANG_WARN_RANGE_LOOP_ANALYSIS = YES;
				CLANG_WARN_STRICT_PROTOTYPES = YES;
				CLANG_WARN_SUSPICIOUS_MOVE = YES;
				CLANG_WARN_UNREACHABLE_CODE = YES;
				CLANG_WARN__DUPLICATE_METHOD_MATCH = YES;
				"CODE_SIGN_IDENTITY[sdk=iphoneos*]" = "iPhone Developer";
				COPY_PHASE_STRIP = NO;
				ENABLE_STRICT_OBJC_MSGSEND = YES;
				ENABLE_TESTABILITY = YES;
				GCC_C_LANGUAGE_STANDARD = gnu99;
				GCC_DYNAMIC_NO_PIC = NO;
				GCC_NO_COMMON_BLOCKS = YES;
				GCC_OPTIMIZATION_LEVEL = 0;
				GCC_PREPROCESSOR_DEFINITIONS = (
					"DEBUG=1",
					"$(inherited)",
				);
				GCC_SYMBOLS_PRIVATE_EXTERN = NO;
				GCC_WARN_64_TO_32_BIT_CONVERSION = YES;
				GCC_WARN_ABOUT_RETURN_TYPE = YES_ERROR;
				GCC_WARN_UNDECLARED_SELECTOR = YES;
				GCC_WARN_UNINITIALIZED_AUTOS = YES_AGGRESSIVE;
				GCC_WARN_UNUSED_FUNCTION = YES;
				GCC_WARN_UNUSED_VARIABLE = YES;
				IPHONEOS_DEPLOYMENT_TARGET = 9.0;
				MTL_ENABLE_DEBUG_INFO = YES;
				ONLY_ACTIVE_ARCH = YES;
				SDKROOT = iphoneos;
			};
			name = Debug;
		};
		83CBBA211A601CBA00E9B192 /* Release */ = {
			isa = XCBuildConfiguration;
			buildSettings = {
				ALWAYS_SEARCH_USER_PATHS = NO;
				CLANG_CXX_LANGUAGE_STANDARD = "gnu++0x";
				CLANG_CXX_LIBRARY = "libc++";
				CLANG_ENABLE_MODULES = YES;
				CLANG_ENABLE_OBJC_ARC = YES;
				CLANG_WARN_BLOCK_CAPTURE_AUTORELEASING = YES;
				CLANG_WARN_BOOL_CONVERSION = YES;
				CLANG_WARN_COMMA = YES;
				CLANG_WARN_CONSTANT_CONVERSION = YES;
				CLANG_WARN_DEPRECATED_OBJC_IMPLEMENTATIONS = YES;
				CLANG_WARN_DIRECT_OBJC_ISA_USAGE = YES_ERROR;
				CLANG_WARN_EMPTY_BODY = YES;
				CLANG_WARN_ENUM_CONVERSION = YES;
				CLANG_WARN_INFINITE_RECURSION = YES;
				CLANG_WARN_INT_CONVERSION = YES;
				CLANG_WARN_NON_LITERAL_NULL_CONVERSION = YES;
				CLANG_WARN_OBJC_IMPLICIT_RETAIN_SELF = YES;
				CLANG_WARN_OBJC_LITERAL_CONVERSION = YES;
				CLANG_WARN_OBJC_ROOT_CLASS = YES_ERROR;
				CLANG_WARN_RANGE_LOOP_ANALYSIS = YES;
				CLANG_WARN_STRICT_PROTOTYPES = YES;
				CLANG_WARN_SUSPICIOUS_MOVE = YES;
				CLANG_WARN_UNREACHABLE_CODE = YES;
				CLANG_WARN__DUPLICATE_METHOD_MATCH = YES;
				"CODE_SIGN_IDENTITY[sdk=iphoneos*]" = "iPhone Developer";
				COPY_PHASE_STRIP = YES;
				ENABLE_NS_ASSERTIONS = NO;
				ENABLE_STRICT_OBJC_MSGSEND = YES;
				GCC_C_LANGUAGE_STANDARD = gnu99;
				GCC_NO_COMMON_BLOCKS = YES;
				GCC_WARN_64_TO_32_BIT_CONVERSION = YES;
				GCC_WARN_ABOUT_RETURN_TYPE = YES_ERROR;
				GCC_WARN_UNDECLARED_SELECTOR = YES;
				GCC_WARN_UNINITIALIZED_AUTOS = YES_AGGRESSIVE;
				GCC_WARN_UNUSED_FUNCTION = YES;
				GCC_WARN_UNUSED_VARIABLE = YES;
				IPHONEOS_DEPLOYMENT_TARGET = 9.0;
				MTL_ENABLE_DEBUG_INFO = NO;
				SDKROOT = iphoneos;
				VALIDATE_PRODUCT = YES;
			};
			name = Release;
		};
/* End XCBuildConfiguration section */

/* Begin XCConfigurationList section */
		00E357021AD99517003FC87E /* Build configuration list for PBXNativeTarget "RecitationMobileClientTests" */ = {
			isa = XCConfigurationList;
			buildConfigurations = (
				00E356F61AD99517003FC87E /* Debug */,
				00E356F71AD99517003FC87E /* Release */,
			);
			defaultConfigurationIsVisible = 0;
			defaultConfigurationName = Release;
		};
		13B07F931A680F5B00A75B9A /* Build configuration list for PBXNativeTarget "RecitationMobileClient" */ = {
			isa = XCConfigurationList;
			buildConfigurations = (
				13B07F941A680F5B00A75B9A /* Debug */,
				13B07F951A680F5B00A75B9A /* Release */,
			);
			defaultConfigurationIsVisible = 0;
			defaultConfigurationName = Release;
		};
		2D02E4BA1E0B4A5E006451C7 /* Build configuration list for PBXNativeTarget "RecitationMobileClient-tvOS" */ = {
			isa = XCConfigurationList;
			buildConfigurations = (
				2D02E4971E0B4A5E006451C7 /* Debug */,
				2D02E4981E0B4A5E006451C7 /* Release */,
			);
			defaultConfigurationIsVisible = 0;
			defaultConfigurationName = Release;
		};
		2D02E4BB1E0B4A5E006451C7 /* Build configuration list for PBXNativeTarget "RecitationMobileClient-tvOSTests" */ = {
			isa = XCConfigurationList;
			buildConfigurations = (
				2D02E4991E0B4A5E006451C7 /* Debug */,
				2D02E49A1E0B4A5E006451C7 /* Release */,
			);
			defaultConfigurationIsVisible = 0;
			defaultConfigurationName = Release;
		};
		83CBB9FA1A601CBA00E9B192 /* Build configuration list for PBXProject "RecitationMobileClient" */ = {
			isa = XCConfigurationList;
			buildConfigurations = (
				83CBBA201A601CBA00E9B192 /* Debug */,
				83CBBA211A601CBA00E9B192 /* Release */,
			);
			defaultConfigurationIsVisible = 0;
			defaultConfigurationName = Release;
		};
/* End XCConfigurationList section */
	};
	rootObject = 83CBB9F71A601CBA00E9B192 /* Project object */;
}
